
Microsoft Visual Studio Solution File, Format Version 12.00
# Visual Studio Version 17
VisualStudioVersion = 17.0.33829.163
MinimumVisualStudioVersion = 10.0.40219.1
Project("{FAE04EC0-301F-11D3-BF4B-00C04F79EFBC}") = "PointBlank.Auth", "PointBlank.Auth\PointBlank.Auth.csproj", "{5BF5F608-4290-4668-8308-B6E23BD5216A}"
EndProject
Project("{FAE04EC0-301F-11D3-BF4B-00C04F79EFBC}") = "PointBlank.Battle", "PointBlank.Battle\PointBlank.Battle.csproj", "{8FB690DC-D3B1-4760-9465-8D9CBCE16F2B}"
EndProject
Project("{FAE04EC0-301F-11D3-BF4B-00C04F79EFBC}") = "PointBlank.Core", "PointBlank.Core\PointBlank.Core.csproj", "{9F13F1FC-BDD2-40CF-A7BF-7FE013FD1E5F}"
EndProject
Project("{FAE04EC0-301F-11D3-BF4B-00C04F79EFBC}") = "PointBlank.Game", "PointBlank.Game\PointBlank.Game.csproj", "{F1CC6468-A16E-4E25-8BE7-EA37A9B9F8FC}"
EndProject
Global
	GlobalSection(SolutionConfigurationPlatforms) = preSolution
		Debug|Any CPU = Debug|Any CPU
		Debug|x64 = Debug|x64
		Debug|x86 = Debug|x86
		Final|Any CPU = Final|Any CPU
		Final|x64 = Final|x64
		Final|x86 = Final|x86
		Release|Any CPU = Release|Any CPU
		Release|x64 = Release|x64
		Release|x86 = Release|x86
	EndGlobalSection
	GlobalSection(ProjectConfigurationPlatforms) = postSolution
		{5BF5F608-4290-4668-8308-B6E23BD5216A}.Debug|Any CPU.ActiveCfg = Debug|Any CPU
		{5BF5F608-4290-4668-8308-B6E23BD5216A}.Debug|Any CPU.Build.0 = Debug|Any CPU
		{5BF5F608-4290-4668-8308-B6E23BD5216A}.Debug|x64.ActiveCfg = Debug|Any CPU
		{5BF5F608-4290-4668-8308-B6E23BD5216A}.Debug|x86.ActiveCfg = Debug|Any CPU
		{5BF5F608-4290-4668-8308-B6E23BD5216A}.Final|Any CPU.ActiveCfg = Release|Any CPU
		{5BF5F608-4290-4668-8308-B6E23BD5216A}.Final|Any CPU.Build.0 = Release|Any CPU
		{5BF5F608-4290-4668-8308-B6E23BD5216A}.Final|x64.ActiveCfg = Release|Any CPU
		{5BF5F608-4290-4668-8308-B6E23BD5216A}.Final|x86.ActiveCfg = Release|Any CPU
		{5BF5F608-4290-4668-8308-B6E23BD5216A}.Release|Any CPU.ActiveCfg = Release|Any CPU
		{5BF5F608-4290-4668-8308-B6E23BD5216A}.Release|Any CPU.Build.0 = Release|Any CPU
		{5BF5F608-4290-4668-8308-B6E23BD5216A}.Release|x64.ActiveCfg = Release|Any CPU
		{5BF5F608-4290-4668-8308-B6E23BD5216A}.Release|x86.ActiveCfg = Release|Any CPU
		{8FB690DC-D3B1-4760-9465-8D9CBCE16F2B}.Debug|Any CPU.ActiveCfg = Debug|Any CPU
		{8FB690DC-D3B1-4760-9465-8D9CBCE16F2B}.Debug|Any CPU.Build.0 = Debug|Any CPU
		{8FB690DC-D3B1-4760-9465-8D9CBCE16F2B}.Debug|x64.ActiveCfg = Debug|x64
		{8FB690DC-D3B1-4760-9465-8D9CBCE16F2B}.Debug|x64.Build.0 = Debug|x64
		{8FB690DC-D3B1-4760-9465-8D9CBCE16F2B}.Debug|x86.ActiveCfg = Debug|x86
		{8FB690DC-D3B1-4760-9465-8D9CBCE16F2B}.Debug|x86.Build.0 = Debug|x86
		{8FB690DC-D3B1-4760-9465-8D9CBCE16F2B}.Final|Any CPU.ActiveCfg = Final|Any CPU
		{8FB690DC-D3B1-4760-9465-8D9CBCE16F2B}.Final|Any CPU.Build.0 = Final|Any CPU
		{8FB690DC-D3B1-4760-9465-8D9CBCE16F2B}.Final|x64.ActiveCfg = Final|x64
		{8FB690DC-D3B1-4760-9465-8D9CBCE16F2B}.Final|x64.Build.0 = Final|x64
		{8FB690DC-D3B1-4760-9465-8D9CBCE16F2B}.Final|x86.ActiveCfg = Final|x86
		{8FB690DC-D3B1-4760-9465-8D9CBCE16F2B}.Final|x86.Build.0 = Final|x86
		{8FB690DC-D3B1-4760-9465-8D9CBCE16F2B}.Release|Any CPU.ActiveCfg = Release|Any CPU
		{8FB690DC-D3B1-4760-9465-8D9CBCE16F2B}.Release|Any CPU.Build.0 = Release|Any CPU
		{8FB690DC-D3B1-4760-9465-8D9CBCE16F2B}.Release|x64.ActiveCfg = Release|x64
		{8FB690DC-D3B1-4760-9465-8D9CBCE16F2B}.Release|x64.Build.0 = Release|x64
		{8FB690DC-D3B1-4760-9465-8D9CBCE16F2B}.Release|x86.ActiveCfg = Release|x86
		{8FB690DC-D3B1-4760-9465-8D9CBCE16F2B}.Release|x86.Build.0 = Release|x86
		{9F13F1FC-BDD2-40CF-A7BF-7FE013FD1E5F}.Debug|Any CPU.ActiveCfg = Debug|Any CPU
		{9F13F1FC-BDD2-40CF-A7BF-7FE013FD1E5F}.Debug|Any CPU.Build.0 = Debug|Any CPU
		{9F13F1FC-BDD2-40CF-A7BF-7FE013FD1E5F}.Debug|x64.ActiveCfg = Debug|Any CPU
		{9F13F1FC-BDD2-40CF-A7BF-7FE013FD1E5F}.Debug|x86.ActiveCfg = Debug|Any CPU
		{9F13F1FC-BDD2-40CF-A7BF-7FE013FD1E5F}.Final|Any CPU.ActiveCfg = Release|Any CPU
		{9F13F1FC-BDD2-40CF-A7BF-7FE013FD1E5F}.Final|Any CPU.Build.0 = Release|Any CPU
		{9F13F1FC-BDD2-40CF-A7BF-7FE013FD1E5F}.Final|x64.ActiveCfg = Release|Any CPU
		{9F13F1FC-BDD2-40CF-A7BF-7FE013FD1E5F}.Final|x86.ActiveCfg = Release|Any CPU
		{9F13F1FC-BDD2-40CF-A7BF-7FE013FD1E5F}.Release|Any CPU.ActiveCfg = Release|Any CPU
		{9F13F1FC-BDD2-40CF-A7BF-7FE013FD1E5F}.Release|Any CPU.Build.0 = Release|Any CPU
		{9F13F1FC-BDD2-40CF-A7BF-7FE013FD1E5F}.Release|x64.ActiveCfg = Release|Any CPU
		{9F13F1FC-BDD2-40CF-A7BF-7FE013FD1E5F}.Release|x86.ActiveCfg = Release|Any CPU
		{F1CC6468-A16E-4E25-8BE7-EA37A9B9F8FC}.Debug|Any CPU.ActiveCfg = Debug|Any CPU
		{F1CC6468-A16E-4E25-8BE7-EA37A9B9F8FC}.Debug|Any CPU.Build.0 = Debug|Any CPU
		{F1CC6468-A16E-4E25-8BE7-EA37A9B9F8FC}.Debug|x64.ActiveCfg = Debug|Any CPU
		{F1CC6468-A16E-4E25-8BE7-EA37A9B9F8FC}.Debug|x86.ActiveCfg = Debug|Any CPU
		{F1CC6468-A16E-4E25-8BE7-EA37A9B9F8FC}.Final|Any CPU.ActiveCfg = Release|Any CPU
		{F1CC6468-A16E-4E25-8BE7-EA37A9B9F8FC}.Final|Any CPU.Build.0 = Release|Any CPU
		{F1CC6468-A16E-4E25-8BE7-EA37A9B9F8FC}.Final|x64.ActiveCfg = Release|Any CPU
		{F1CC6468-A16E-4E25-8BE7-EA37A9B9F8FC}.Final|x86.ActiveCfg = Release|Any CPU
		{F1CC6468-A16E-4E25-8BE7-EA37A9B9F8FC}.Release|Any CPU.ActiveCfg = Release|Any CPU
		{F1CC6468-A16E-4E25-8BE7-EA37A9B9F8FC}.Release|Any CPU.Build.0 = Release|Any CPU
		{F1CC6468-A16E-4E25-8BE7-EA37A9B9F8FC}.Release|x64.ActiveCfg = Release|Any CPU
		{F1CC6468-A16E-4E25-8BE7-EA37A9B9F8FC}.Release|x86.ActiveCfg = Release|Any CPU
	EndGlobalSection
	GlobalSection(SolutionProperties) = preSolution
		HideSolutionNode = FALSE
	EndGlobalSection
	GlobalSection(ExtensibilityGlobals) = postSolution
		SolutionGuid = {9FBF7CD4-DAE7-456C-9200-F83E29100B03}
	EndGlobalSection
EndGlobal
